
Microsoft Visual Studio Solution File, Format Version 12.00
# Visual Studio 15
VisualStudioVersion = 15.0.28307.271
MinimumVisualStudioVersion = 10.0.40219.1
Project("{FAE04EC0-301F-11D3-BF4B-00C04F79EFBC}") = "ClassLibraryAccessoAiDati", "ClassLibraryAccessoAiDati\ClassLibraryAccessoAiDati.csproj", "{EE074B9B-C752-40EC-BEAB-5C55E1B7247E}"
EndProject
Project("{FAE04EC0-301F-11D3-BF4B-00C04F79EFBC}") = "WebApplicationAPI", "WebApplicationAPI\WebApplicationAPI.csproj", "{302E269B-F4BD-4AFD-AB1D-C2977A1ABDC9}"
EndProject
Project("{E24C65DC-7377-472B-9ABA-BC803B73C61A}") = "WebSite", "WebSite\", "{6CF1FB02-D1C1-4583-B8F1-FBCD43D83546}"
	ProjectSection(WebsiteProperties) = preProject
		TargetFrameworkMoniker = ".NETFramework,Version%3Dv4.6.1"
		Debug.AspNetCompiler.VirtualPath = "/localhost_57662"
		Debug.AspNetCompiler.PhysicalPath = "WebSite\"
		Debug.AspNetCompiler.TargetPath = "PrecompiledWeb\localhost_57662\"
		Debug.AspNetCompiler.Updateable = "true"
		Debug.AspNetCompiler.ForceOverwrite = "true"
		Debug.AspNetCompiler.FixedNames = "false"
		Debug.AspNetCompiler.Debug = "True"
		Release.AspNetCompiler.VirtualPath = "/localhost_57662"
		Release.AspNetCompiler.PhysicalPath = "WebSite\"
		Release.AspNetCompiler.TargetPath = "PrecompiledWeb\localhost_57662\"
		Release.AspNetCompiler.Updateable = "true"
		Release.AspNetCompiler.ForceOverwrite = "true"
		Release.AspNetCompiler.FixedNames = "false"
		Release.AspNetCompiler.Debug = "False"
		VWDPort = "57662"
		SlnRelativePath = "WebSite\"
		DefaultWebSiteLanguage = "Visual C#"
	EndProjectSection
EndProject
Project("{2150E333-8FDC-42A3-9474-1A3956D46DE8}") = "Solution Items", "Solution Items", "{474156DD-A3DF-4D5B-9E6C-DAF63555732E}"
	ProjectSection(SolutionItems) = preProject
		README.md = README.md
	EndProjectSection
EndProject
Global
	GlobalSection(SolutionConfigurationPlatforms) = preSolution
		Debug|Any CPU = Debug|Any CPU
		Release|Any CPU = Release|Any CPU
	EndGlobalSection
	GlobalSection(ProjectConfigurationPlatforms) = postSolution
		{EE074B9B-C752-40EC-BEAB-5C55E1B7247E}.Debug|Any CPU.ActiveCfg = Debug|Any CPU
		{EE074B9B-C752-40EC-BEAB-5C55E1B7247E}.Debug|Any CPU.Build.0 = Debug|Any CPU
		{EE074B9B-C752-40EC-BEAB-5C55E1B7247E}.Release|Any CPU.ActiveCfg = Release|Any CPU
		{EE074B9B-C752-40EC-BEAB-5C55E1B7247E}.Release|Any CPU.Build.0 = Release|Any CPU
		{302E269B-F4BD-4AFD-AB1D-C2977A1ABDC9}.Debug|Any CPU.ActiveCfg = Debug|Any CPU
		{302E269B-F4BD-4AFD-AB1D-C2977A1ABDC9}.Debug|Any CPU.Build.0 = Debug|Any CPU
		{302E269B-F4BD-4AFD-AB1D-C2977A1ABDC9}.Release|Any CPU.ActiveCfg = Release|Any CPU
		{302E269B-F4BD-4AFD-AB1D-C2977A1ABDC9}.Release|Any CPU.Build.0 = Release|Any CPU
		{6CF1FB02-D1C1-4583-B8F1-FBCD43D83546}.Debug|Any CPU.ActiveCfg = Debug|Any CPU
		{6CF1FB02-D1C1-4583-B8F1-FBCD43D83546}.Debug|Any CPU.Build.0 = Debug|Any CPU
		{6CF1FB02-D1C1-4583-B8F1-FBCD43D83546}.Release|Any CPU.ActiveCfg = Debug|Any CPU
		{6CF1FB02-D1C1-4583-B8F1-FBCD43D83546}.Release|Any CPU.Build.0 = Debug|Any CPU
	EndGlobalSection
	GlobalSection(SolutionProperties) = preSolution
		HideSolutionNode = FALSE
	EndGlobalSection
	GlobalSection(ExtensibilityGlobals) = postSolution
		SolutionGuid = {1F497123-687B-4309-909E-E0C3E5502A34}
	EndGlobalSection
EndGlobal
